
Microsoft Visual Studio Solution File, Format Version 12.00
# Visual Studio Version 17
VisualStudioVersion = 17.7.34221.43
MinimumVisualStudioVersion = 10.0.40219.1
Project("{9A19103F-16F7-4668-BE54-9A1E7A4F7556}") = "HomeWork7Patterns", "HomeWork7Patterns.csproj", "{C728E8C1-F7C1-47A8-8C29-0E77889E635D}"
EndProject
Project("{2150E333-8FDC-42A3-9474-1A3956D46DE8}") = "AbstractFactory", "AbstractFactory", "{038CA515-B07C-4917-88EA-3BCF4456DA0F}"
EndProject
Project("{9A19103F-16F7-4668-BE54-9A1E7A4F7556}") = "AbstractFactory", "AbstractFactory\AbstractFactory.csproj", "{F52F5042-1D5B-4B79-BD43-AC3AB89BEE9F}"
EndProject
Project("{9A19103F-16F7-4668-BE54-9A1E7A4F7556}") = "Builder", "Builder\Builder.csproj", "{1EBA8337-4947-4C42-80D3-B06F7CA0F1FA}"
EndProject
Project("{2150E333-8FDC-42A3-9474-1A3956D46DE8}") = "Builder", "Builder", "{5139B331-F3B5-4145-8172-BC72D156F46F}"
EndProject
Project("{2150E333-8FDC-42A3-9474-1A3956D46DE8}") = "Decorator", "Decorator", "{82F9B915-C0ED-4C6D-ABD3-872B949A6DF6}"
EndProject
Project("{2150E333-8FDC-42A3-9474-1A3956D46DE8}") = "Mediator", "Mediator", "{82891BCE-7492-4BDD-99DD-38E6E83E04BB}"
EndProject
Project("{9A19103F-16F7-4668-BE54-9A1E7A4F7556}") = "Mediator", "Mediator\Mediator.csproj", "{090C6F72-11BA-461E-BA89-6665C981D67C}"
EndProject
Project("{FAE04EC0-301F-11D3-BF4B-00C04F79EFBC}") = "Decorator", "Decorator\Decorator.csproj", "{F6CC362D-9270-4EB4-96B1-8E79053EF8FA}"
EndProject
Project("{2150E333-8FDC-42A3-9474-1A3956D46DE8}") = "Prototype", "Prototype", "{A2DA7E3A-2D15-440F-BE35-F6E4BA241984}"
EndProject
Project("{FAE04EC0-301F-11D3-BF4B-00C04F79EFBC}") = "Protoype", "Protoype\Protoype.csproj", "{ED101B08-A3DA-4B25-AF3B-380EAD1B9C18}"
EndProject
Project("{2150E333-8FDC-42A3-9474-1A3956D46DE8}") = "MyVariant", "MyVariant", "{A2694CD9-7052-4984-800F-9D1693CA7A45}"
EndProject
Project("{2150E333-8FDC-42A3-9474-1A3956D46DE8}") = "FactoryMethod", "FactoryMethod", "{079310B6-5633-485B-B91A-54D980A4BAB8}"
EndProject
Project("{2150E333-8FDC-42A3-9474-1A3956D46DE8}") = "Adapter", "Adapter", "{F0625BED-34EE-4F9F-A2FB-DA53B05B16D1}"
EndProject
Project("{FAE04EC0-301F-11D3-BF4B-00C04F79EFBC}") = "FactoryMethod", "FactoryMethod\FactoryMethod.csproj", "{A40145B0-29A0-4E49-A56F-409B89BB5B5E}"
EndProject
Project("{FAE04EC0-301F-11D3-BF4B-00C04F79EFBC}") = "Adapter", "Adapter\Adapter.csproj", "{EED5B402-BC5E-4CD1-9750-AAE9CFBBEECB}"
EndProject
Global
	GlobalSection(SolutionConfigurationPlatforms) = preSolution
		Debug|Any CPU = Debug|Any CPU
		Release|Any CPU = Release|Any CPU
	EndGlobalSection
	GlobalSection(ProjectConfigurationPlatforms) = postSolution
		{C728E8C1-F7C1-47A8-8C29-0E77889E635D}.Debug|Any CPU.ActiveCfg = Debug|Any CPU
		{C728E8C1-F7C1-47A8-8C29-0E77889E635D}.Debug|Any CPU.Build.0 = Debug|Any CPU
		{C728E8C1-F7C1-47A8-8C29-0E77889E635D}.Release|Any CPU.ActiveCfg = Release|Any CPU
		{C728E8C1-F7C1-47A8-8C29-0E77889E635D}.Release|Any CPU.Build.0 = Release|Any CPU
		{F52F5042-1D5B-4B79-BD43-AC3AB89BEE9F}.Debug|Any CPU.ActiveCfg = Debug|Any CPU
		{F52F5042-1D5B-4B79-BD43-AC3AB89BEE9F}.Debug|Any CPU.Build.0 = Debug|Any CPU
		{F52F5042-1D5B-4B79-BD43-AC3AB89BEE9F}.Release|Any CPU.ActiveCfg = Release|Any CPU
		{F52F5042-1D5B-4B79-BD43-AC3AB89BEE9F}.Release|Any CPU.Build.0 = Release|Any CPU
		{1EBA8337-4947-4C42-80D3-B06F7CA0F1FA}.Debug|Any CPU.ActiveCfg = Debug|Any CPU
		{1EBA8337-4947-4C42-80D3-B06F7CA0F1FA}.Debug|Any CPU.Build.0 = Debug|Any CPU
		{1EBA8337-4947-4C42-80D3-B06F7CA0F1FA}.Release|Any CPU.ActiveCfg = Release|Any CPU
		{1EBA8337-4947-4C42-80D3-B06F7CA0F1FA}.Release|Any CPU.Build.0 = Release|Any CPU
		{090C6F72-11BA-461E-BA89-6665C981D67C}.Debug|Any CPU.ActiveCfg = Debug|Any CPU
		{090C6F72-11BA-461E-BA89-6665C981D67C}.Debug|Any CPU.Build.0 = Debug|Any CPU
		{090C6F72-11BA-461E-BA89-6665C981D67C}.Release|Any CPU.ActiveCfg = Release|Any CPU
		{090C6F72-11BA-461E-BA89-6665C981D67C}.Release|Any CPU.Build.0 = Release|Any CPU
		{F6CC362D-9270-4EB4-96B1-8E79053EF8FA}.Debug|Any CPU.ActiveCfg = Debug|Any CPU
		{F6CC362D-9270-4EB4-96B1-8E79053EF8FA}.Debug|Any CPU.Build.0 = Debug|Any CPU
		{F6CC362D-9270-4EB4-96B1-8E79053EF8FA}.Release|Any CPU.ActiveCfg = Release|Any CPU
		{F6CC362D-9270-4EB4-96B1-8E79053EF8FA}.Release|Any CPU.Build.0 = Release|Any CPU
		{ED101B08-A3DA-4B25-AF3B-380EAD1B9C18}.Debug|Any CPU.ActiveCfg = Debug|Any CPU
		{ED101B08-A3DA-4B25-AF3B-380EAD1B9C18}.Debug|Any CPU.Build.0 = Debug|Any CPU
		{ED101B08-A3DA-4B25-AF3B-380EAD1B9C18}.Release|Any CPU.ActiveCfg = Release|Any CPU
		{ED101B08-A3DA-4B25-AF3B-380EAD1B9C18}.Release|Any CPU.Build.0 = Release|Any CPU
		{A40145B0-29A0-4E49-A56F-409B89BB5B5E}.Debug|Any CPU.ActiveCfg = Debug|Any CPU
		{A40145B0-29A0-4E49-A56F-409B89BB5B5E}.Debug|Any CPU.Build.0 = Debug|Any CPU
		{A40145B0-29A0-4E49-A56F-409B89BB5B5E}.Release|Any CPU.ActiveCfg = Release|Any CPU
		{A40145B0-29A0-4E49-A56F-409B89BB5B5E}.Release|Any CPU.Build.0 = Release|Any CPU
		{EED5B402-BC5E-4CD1-9750-AAE9CFBBEECB}.Debug|Any CPU.ActiveCfg = Debug|Any CPU
		{EED5B402-BC5E-4CD1-9750-AAE9CFBBEECB}.Debug|Any CPU.Build.0 = Debug|Any CPU
		{EED5B402-BC5E-4CD1-9750-AAE9CFBBEECB}.Release|Any CPU.ActiveCfg = Release|Any CPU
		{EED5B402-BC5E-4CD1-9750-AAE9CFBBEECB}.Release|Any CPU.Build.0 = Release|Any CPU
	EndGlobalSection
	GlobalSection(SolutionProperties) = preSolution
		HideSolutionNode = FALSE
	EndGlobalSection
	GlobalSection(NestedProjects) = preSolution
		{F52F5042-1D5B-4B79-BD43-AC3AB89BEE9F} = {038CA515-B07C-4917-88EA-3BCF4456DA0F}
		{1EBA8337-4947-4C42-80D3-B06F7CA0F1FA} = {5139B331-F3B5-4145-8172-BC72D156F46F}
		{090C6F72-11BA-461E-BA89-6665C981D67C} = {82891BCE-7492-4BDD-99DD-38E6E83E04BB}
		{F6CC362D-9270-4EB4-96B1-8E79053EF8FA} = {82F9B915-C0ED-4C6D-ABD3-872B949A6DF6}
		{ED101B08-A3DA-4B25-AF3B-380EAD1B9C18} = {A2DA7E3A-2D15-440F-BE35-F6E4BA241984}
		{079310B6-5633-485B-B91A-54D980A4BAB8} = {A2694CD9-7052-4984-800F-9D1693CA7A45}
		{F0625BED-34EE-4F9F-A2FB-DA53B05B16D1} = {A2694CD9-7052-4984-800F-9D1693CA7A45}
		{A40145B0-29A0-4E49-A56F-409B89BB5B5E} = {079310B6-5633-485B-B91A-54D980A4BAB8}
		{EED5B402-BC5E-4CD1-9750-AAE9CFBBEECB} = {F0625BED-34EE-4F9F-A2FB-DA53B05B16D1}
	EndGlobalSection
	GlobalSection(ExtensibilityGlobals) = postSolution
		SolutionGuid = {20862DC8-4333-4095-AE38-9C97767F11F0}
	EndGlobalSection
EndGlobal
